// !$*UTF8*$!
{
	archiveVersion = 1;
	classes = {
	};
	objectVersion = 46;
	objects = {

/* Begin PBXBuildFile section */
		8A1CCD1D16AE3A03007DDB80 /* instapaper-ipad.png in Resources */ = {isa = PBXBuildFile; fileRef = 8A1CCCF516AE3A03007DDB80 /* instapaper-ipad.png */; };
		8A1CCD1E16AE3A03007DDB80 /* instapaper-ipad@2x.png in Resources */ = {isa = PBXBuildFile; fileRef = 8A1CCCF616AE3A03007DDB80 /* instapaper-ipad@2x.png */; };
		8A1CCD1F16AE3A03007DDB80 /* instapaper.png in Resources */ = {isa = PBXBuildFile; fileRef = 8A1CCCF716AE3A03007DDB80 /* instapaper.png */; };
		8A1CCD2016AE3A03007DDB80 /* instapaper@2x.png in Resources */ = {isa = PBXBuildFile; fileRef = 8A1CCCF816AE3A03007DDB80 /* instapaper@2x.png */; };
		8A1CCD2116AE3A03007DDB80 /* ZYInstapaperAddRequest.m in Sources */ = {isa = PBXBuildFile; fileRef = 8A1CCCFB16AE3A03007DDB80 /* ZYInstapaperAddRequest.m */; };
		8A1CCD2216AE3A03007DDB80 /* ZYInstapaperActivitySecurity.m in Sources */ = {isa = PBXBuildFile; fileRef = 8A1CCCFF16AE3A03007DDB80 /* ZYInstapaperActivitySecurity.m */; };
		8A1CCD2316AE3A03007DDB80 /* KeychainItemWrapper.m in Sources */ = {isa = PBXBuildFile; fileRef = 8A1CCD0416AE3A03007DDB80 /* KeychainItemWrapper.m */; };
		8A1CCD2416AE3A03007DDB80 /* ZYActivity.m in Sources */ = {isa = PBXBuildFile; fileRef = 8A1CCD0816AE3A03007DDB80 /* ZYActivity.m */; };
		8A1CCD2516AE3A03007DDB80 /* ZYTopAlignedLabel.m in Sources */ = {isa = PBXBuildFile; fileRef = 8A1CCD0B16AE3A03007DDB80 /* ZYTopAlignedLabel.m */; };
		8A1CCD2616AE3A03007DDB80 /* ZYActivityViewController.m in Sources */ = {isa = PBXBuildFile; fileRef = 8A1CCD0E16AE3A03007DDB80 /* ZYActivityViewController.m */; };
		8A1CCD2716AE3A03007DDB80 /* ZYAddItemsViewController.m in Sources */ = {isa = PBXBuildFile; fileRef = 8A1CCD1016AE3A03007DDB80 /* ZYAddItemsViewController.m */; };
		8A1CCD2816AE3A03007DDB80 /* ZYAddItemsViewController.xib in Resources */ = {isa = PBXBuildFile; fileRef = 8A1CCD1116AE3A03007DDB80 /* ZYAddItemsViewController.xib */; };
		8A1CCD2916AE3A03007DDB80 /* ZYAddItemViewController-iPad.xib in Resources */ = {isa = PBXBuildFile; fileRef = 8A1CCD1216AE3A03007DDB80 /* ZYAddItemViewController-iPad.xib */; };
		8A1CCD2A16AE3A03007DDB80 /* ZYAddItemViewController.m in Sources */ = {isa = PBXBuildFile; fileRef = 8A1CCD1416AE3A03007DDB80 /* ZYAddItemViewController.m */; };
		8A1CCD2B16AE3A03007DDB80 /* ZYAddItemViewController.xib in Resources */ = {isa = PBXBuildFile; fileRef = 8A1CCD1516AE3A03007DDB80 /* ZYAddItemViewController.xib */; };
		8A1CCD2C16AE3A03007DDB80 /* ZYCredentialsViewController.m in Sources */ = {isa = PBXBuildFile; fileRef = 8A1CCD1716AE3A03007DDB80 /* ZYCredentialsViewController.m */; };
		8A1CCD2D16AE3A03007DDB80 /* ZYCredentialsViewController.xib in Resources */ = {isa = PBXBuildFile; fileRef = 8A1CCD1816AE3A03007DDB80 /* ZYCredentialsViewController.xib */; };
		8A1CCD2E16AE3A03007DDB80 /* ZYInstapaperActivity.m in Sources */ = {isa = PBXBuildFile; fileRef = 8A1CCD1A16AE3A03007DDB80 /* ZYInstapaperActivity.m */; };
		8A1CCD2F16AE3A03007DDB80 /* ZYInstapaperActivityItem.m in Sources */ = {isa = PBXBuildFile; fileRef = 8A1CCD1C16AE3A03007DDB80 /* ZYInstapaperActivityItem.m */; };
		8A562F1D1681B8610082661D /* NakamapActivityIcon.png in Resources */ = {isa = PBXBuildFile; fileRef = 8A562F171681B8610082661D /* NakamapActivityIcon.png */; };
		8A562F1E1681B8610082661D /* NakamapActivityIcon@2x.png in Resources */ = {isa = PBXBuildFile; fileRef = 8A562F181681B8610082661D /* NakamapActivityIcon@2x.png */; };
		8A562F1F1681B8610082661D /* NakamapActivityIcon@2x~ipad.png in Resources */ = {isa = PBXBuildFile; fileRef = 8A562F191681B8610082661D /* NakamapActivityIcon@2x~ipad.png */; };
		8A562F201681B8610082661D /* NakamapActivityIcon~ipad.png in Resources */ = {isa = PBXBuildFile; fileRef = 8A562F1A1681B8610082661D /* NakamapActivityIcon~ipad.png */; };
		8A562F211681B8610082661D /* SHNakamapActivity.m in Sources */ = {isa = PBXBuildFile; fileRef = 8A562F1C1681B8610082661D /* SHNakamapActivity.m */; };
		8A68009E17946C1000ECE7A0 /* NHCalendarActivity.bundle in Resources */ = {isa = PBXBuildFile; fileRef = 8A68009917946C1000ECE7A0 /* NHCalendarActivity.bundle */; };
		8A68009F17946C1000ECE7A0 /* NHCalendarActivity.m in Sources */ = {isa = PBXBuildFile; fileRef = 8A68009B17946C1000ECE7A0 /* NHCalendarActivity.m */; };
		8A6800A017946C1000ECE7A0 /* NHCalendarEvent.m in Sources */ = {isa = PBXBuildFile; fileRef = 8A68009D17946C1000ECE7A0 /* NHCalendarEvent.m */; };
		8A8698051671AF0A00F82DDE /* ARChromeActivity.png in Resources */ = {isa = PBXBuildFile; fileRef = 8A8698011671AF0A00F82DDE /* ARChromeActivity.png */; };
		8A8698061671AF0A00F82DDE /* ARChromeActivity@2x.png in Resources */ = {isa = PBXBuildFile; fileRef = 8A8698021671AF0A00F82DDE /* ARChromeActivity@2x.png */; };
		8A8698071671AF0A00F82DDE /* ARChromeActivity@2x~ipad.png in Resources */ = {isa = PBXBuildFile; fileRef = 8A8698031671AF0A00F82DDE /* ARChromeActivity@2x~ipad.png */; };
		8A8698081671AF0A00F82DDE /* ARChromeActivity~ipad.png in Resources */ = {isa = PBXBuildFile; fileRef = 8A8698041671AF0A00F82DDE /* ARChromeActivity~ipad.png */; };
		8A8698191671B07B00F82DDE /* EventKit.framework in Frameworks */ = {isa = PBXBuildFile; fileRef = 8A8698181671B07B00F82DDE /* EventKit.framework */; };
		8A8698211671B5AC00F82DDE /* Safari.png in Resources */ = {isa = PBXBuildFile; fileRef = 8A86981B1671B5AC00F82DDE /* Safari.png */; };
		8A8698221671B5AC00F82DDE /* Safari@2x.png in Resources */ = {isa = PBXBuildFile; fileRef = 8A86981C1671B5AC00F82DDE /* Safari@2x.png */; };
		8A8698231671B5AC00F82DDE /* Safari@2x~ipad.png in Resources */ = {isa = PBXBuildFile; fileRef = 8A86981D1671B5AC00F82DDE /* Safari@2x~ipad.png */; };
		8A8698241671B5AC00F82DDE /* Safari~ipad.png in Resources */ = {isa = PBXBuildFile; fileRef = 8A86981E1671B5AC00F82DDE /* Safari~ipad.png */; };
		8A8698251671B5AC00F82DDE /* TUSafariActivity.m in Sources */ = {isa = PBXBuildFile; fileRef = 8A8698201671B5AC00F82DDE /* TUSafariActivity.m */; };
		8A86982D1671B77700F82DDE /* LINEActivity.m in Sources */ = {isa = PBXBuildFile; fileRef = 8A8698281671B77700F82DDE /* LINEActivity.m */; };
		8A86982E1671B77700F82DDE /* LINEActivityIcon.png in Resources */ = {isa = PBXBuildFile; fileRef = 8A8698291671B77700F82DDE /* LINEActivityIcon.png */; };
		8A86982F1671B77700F82DDE /* LINEActivityIcon@2x.png in Resources */ = {isa = PBXBuildFile; fileRef = 8A86982A1671B77700F82DDE /* LINEActivityIcon@2x.png */; };
		8A8698301671B77700F82DDE /* LINEActivityIcon@2x~ipad.png in Resources */ = {isa = PBXBuildFile; fileRef = 8A86982B1671B77700F82DDE /* LINEActivityIcon@2x~ipad.png */; };
		8A8698311671B77700F82DDE /* LINEActivityIcon~ipad.png in Resources */ = {isa = PBXBuildFile; fileRef = 8A86982C1671B77700F82DDE /* LINEActivityIcon~ipad.png */; };
		8AB8C05B1664C4D0003A236C /* ARChromeActivity.m in Sources */ = {isa = PBXBuildFile; fileRef = 8AB8C0561664C4D0003A236C /* ARChromeActivity.m */; };
		8AB8C0681664C882003A236C /* button1@2x.png in Resources */ = {isa = PBXBuildFile; fileRef = 8AB8C0661664C882003A236C /* button1@2x.png */; };
		8AB8C0691664C882003A236C /* button2@2x.png in Resources */ = {isa = PBXBuildFile; fileRef = 8AB8C0671664C882003A236C /* button2@2x.png */; };
		8ACF02491664AFEF00B114BB /* UIKit.framework in Frameworks */ = {isa = PBXBuildFile; fileRef = 8ACF02481664AFEF00B114BB /* UIKit.framework */; };
		8ACF024B1664AFEF00B114BB /* Foundation.framework in Frameworks */ = {isa = PBXBuildFile; fileRef = 8ACF024A1664AFEF00B114BB /* Foundation.framework */; };
		8ACF024D1664AFEF00B114BB /* CoreGraphics.framework in Frameworks */ = {isa = PBXBuildFile; fileRef = 8ACF024C1664AFEF00B114BB /* CoreGraphics.framework */; };
		8ACF02531664AFEF00B114BB /* InfoPlist.strings in Resources */ = {isa = PBXBuildFile; fileRef = 8ACF02511664AFEF00B114BB /* InfoPlist.strings */; };
		8ACF02551664AFEF00B114BB /* main.m in Sources */ = {isa = PBXBuildFile; fileRef = 8ACF02541664AFEF00B114BB /* main.m */; };
		8ACF02591664AFEF00B114BB /* AppDelegate.m in Sources */ = {isa = PBXBuildFile; fileRef = 8ACF02581664AFEF00B114BB /* AppDelegate.m */; };
		8ACF025B1664AFEF00B114BB /* Default.png in Resources */ = {isa = PBXBuildFile; fileRef = 8ACF025A1664AFEF00B114BB /* Default.png */; };
		8ACF025D1664AFEF00B114BB /* Default@2x.png in Resources */ = {isa = PBXBuildFile; fileRef = 8ACF025C1664AFEF00B114BB /* Default@2x.png */; };
		8ACF025F1664AFEF00B114BB /* Default-568h@2x.png in Resources */ = {isa = PBXBuildFile; fileRef = 8ACF025E1664AFEF00B114BB /* Default-568h@2x.png */; };
		8ACF02621664AFEF00B114BB /* ViewController.m in Sources */ = {isa = PBXBuildFile; fileRef = 8ACF02611664AFEF00B114BB /* ViewController.m */; };
		8ACF02651664AFEF00B114BB /* ViewController.xib in Resources */ = {isa = PBXBuildFile; fileRef = 8ACF02631664AFEF00B114BB /* ViewController.xib */; };
		8ACF03521664B5C700B114BB /* Security.framework in Frameworks */ = {isa = PBXBuildFile; fileRef = 8ACF03511664B5C700B114BB /* Security.framework */; };
		8ACF03561664B63200B114BB /* SystemConfiguration.framework in Frameworks */ = {isa = PBXBuildFile; fileRef = 8ACF03551664B63200B114BB /* SystemConfiguration.framework */; };
		8ACF035D1664B69A00B114BB /* QuartzCore.framework in Frameworks */ = {isa = PBXBuildFile; fileRef = 8ACF035C1664B69A00B114BB /* QuartzCore.framework */; };
		8ACF036C1664B86100B114BB /* GSDropboxActivity.m in Sources */ = {isa = PBXBuildFile; fileRef = 8ACF03601664B86100B114BB /* GSDropboxActivity.m */; };
		8ACF036E1664B86100B114BB /* GSDropboxActivityIcon.png in Resources */ = {isa = PBXBuildFile; fileRef = 8ACF03621664B86100B114BB /* GSDropboxActivityIcon.png */; };
		8ACF036F1664B86100B114BB /* GSDropboxActivityIcon@2x.png in Resources */ = {isa = PBXBuildFile; fileRef = 8ACF03631664B86100B114BB /* GSDropboxActivityIcon@2x.png */; };
		8ACF03701664B86100B114BB /* GSDropboxActivityIcon@2x~ipad.png in Resources */ = {isa = PBXBuildFile; fileRef = 8ACF03641664B86100B114BB /* GSDropboxActivityIcon@2x~ipad.png */; };
		8ACF03711664B86100B114BB /* GSDropboxActivityIcon~ipad.png in Resources */ = {isa = PBXBuildFile; fileRef = 8ACF03651664B86100B114BB /* GSDropboxActivityIcon~ipad.png */; };
		8ACF03721664B86100B114BB /* GSDropboxDestinationSelectionViewController.m in Sources */ = {isa = PBXBuildFile; fileRef = 8ACF03671664B86100B114BB /* GSDropboxDestinationSelectionViewController.m */; };
		8ACF03731664B86100B114BB /* GSDropboxUploader.m in Sources */ = {isa = PBXBuildFile; fileRef = 8ACF03691664B86100B114BB /* GSDropboxUploader.m */; };
		8ACF03741664B86100B114BB /* GSDropboxUploadJob.m in Sources */ = {isa = PBXBuildFile; fileRef = 8ACF036B1664B86100B114BB /* GSDropboxUploadJob.m */; };
		8ACF037A1664B90F00B114BB /* DropboxSDK.framework in Frameworks */ = {isa = PBXBuildFile; fileRef = 8ACF03791664B90F00B114BB /* DropboxSDK.framework */; };
		8ACF03DB1664BCB000B114BB /* DMActivityInstagram.m in Sources */ = {isa = PBXBuildFile; fileRef = 8ACF03C21664BCB000B114BB /* DMActivityInstagram.m */; };
		8ACF03DE1664BCB000B114BB /* DMResizerViewController.m in Sources */ = {isa = PBXBuildFile; fileRef = 8ACF03C81664BCB000B114BB /* DMResizerViewController.m */; };
		8ACF03DF1664BCB000B114BB /* DMResizerViewController.xib in Resources */ = {isa = PBXBuildFile; fileRef = 8ACF03C91664BCB000B114BB /* DMResizerViewController.xib */; };
		8ACF03E51664BCB000B114BB /* instagram.png in Resources */ = {isa = PBXBuildFile; fileRef = 8ACF03D21664BCB000B114BB /* instagram.png */; };
		8ACF03E61664BCB000B114BB /* instagram@2x.png in Resources */ = {isa = PBXBuildFile; fileRef = 8ACF03D31664BCB000B114BB /* instagram@2x.png */; };
		8ACF03E71664BCB000B114BB /* instagram~ipad.png in Resources */ = {isa = PBXBuildFile; fileRef = 8ACF03D41664BCB000B114BB /* instagram~ipad.png */; };
		8ACF03E81664BCB000B114BB /* instagram~ipad@2x.png in Resources */ = {isa = PBXBuildFile; fileRef = 8ACF03D51664BCB000B114BB /* instagram~ipad@2x.png */; };
		8ACF03ED1664C05400B114BB /* sample.png in Resources */ = {isa = PBXBuildFile; fileRef = 8ACF03EC1664C05400B114BB /* sample.png */; };
		8AE5D7171884AF0100384B5D /* DMColorPickerView.m in Sources */ = {isa = PBXBuildFile; fileRef = 8AE5D7161884AF0100384B5D /* DMColorPickerView.m */; };
/* End PBXBuildFile section */

/* Begin PBXFileReference section */
		8A1CCCF516AE3A03007DDB80 /* instapaper-ipad.png */ = {isa = PBXFileReference; lastKnownFileType = image.png; path = "instapaper-ipad.png"; sourceTree = "<group>"; };
		8A1CCCF616AE3A03007DDB80 /* instapaper-ipad@2x.png */ = {isa = PBXFileReference; lastKnownFileType = image.png; path = "instapaper-ipad@2x.png"; sourceTree = "<group>"; };
		8A1CCCF716AE3A03007DDB80 /* instapaper.png */ = {isa = PBXFileReference; lastKnownFileType = image.png; path = instapaper.png; sourceTree = "<group>"; };
		8A1CCCF816AE3A03007DDB80 /* instapaper@2x.png */ = {isa = PBXFileReference; lastKnownFileType = image.png; path = "instapaper@2x.png"; sourceTree = "<group>"; };
		8A1CCCFA16AE3A03007DDB80 /* ZYInstapaperAddRequest.h */ = {isa = PBXFileReference; fileEncoding = 4; lastKnownFileType = sourcecode.c.h; path = ZYInstapaperAddRequest.h; sourceTree = "<group>"; };
		8A1CCCFB16AE3A03007DDB80 /* ZYInstapaperAddRequest.m */ = {isa = PBXFileReference; fileEncoding = 4; lastKnownFileType = sourcecode.c.objc; path = ZYInstapaperAddRequest.m; sourceTree = "<group>"; };
		8A1CCCFC16AE3A03007DDB80 /* ZYInstapaperAddRequestDelegate.h */ = {isa = PBXFileReference; fileEncoding = 4; lastKnownFileType = sourcecode.c.h; path = ZYInstapaperAddRequestDelegate.h; sourceTree = "<group>"; };
		8A1CCCFE16AE3A03007DDB80 /* ZYInstapaperActivitySecurity.h */ = {isa = PBXFileReference; fileEncoding = 4; lastKnownFileType = sourcecode.c.h; path = ZYInstapaperActivitySecurity.h; sourceTree = "<group>"; };
		8A1CCCFF16AE3A03007DDB80 /* ZYInstapaperActivitySecurity.m */ = {isa = PBXFileReference; fileEncoding = 4; lastKnownFileType = sourcecode.c.objc; path = ZYInstapaperActivitySecurity.m; sourceTree = "<group>"; };
		8A1CCD0316AE3A03007DDB80 /* KeychainItemWrapper.h */ = {isa = PBXFileReference; fileEncoding = 4; lastKnownFileType = sourcecode.c.h; path = KeychainItemWrapper.h; sourceTree = "<group>"; };
		8A1CCD0416AE3A03007DDB80 /* KeychainItemWrapper.m */ = {isa = PBXFileReference; fileEncoding = 4; lastKnownFileType = sourcecode.c.objc; path = KeychainItemWrapper.m; sourceTree = "<group>"; };
		8A1CCD0716AE3A03007DDB80 /* ZYActivity.h */ = {isa = PBXFileReference; fileEncoding = 4; lastKnownFileType = sourcecode.c.h; path = ZYActivity.h; sourceTree = "<group>"; };
		8A1CCD0816AE3A03007DDB80 /* ZYActivity.m */ = {isa = PBXFileReference; fileEncoding = 4; lastKnownFileType = sourcecode.c.objc; path = ZYActivity.m; sourceTree = "<group>"; };
		8A1CCD0A16AE3A03007DDB80 /* ZYTopAlignedLabel.h */ = {isa = PBXFileReference; fileEncoding = 4; lastKnownFileType = sourcecode.c.h; path = ZYTopAlignedLabel.h; sourceTree = "<group>"; };
		8A1CCD0B16AE3A03007DDB80 /* ZYTopAlignedLabel.m */ = {isa = PBXFileReference; fileEncoding = 4; lastKnownFileType = sourcecode.c.objc; path = ZYTopAlignedLabel.m; sourceTree = "<group>"; };
		8A1CCD0D16AE3A03007DDB80 /* ZYActivityViewController.h */ = {isa = PBXFileReference; fileEncoding = 4; lastKnownFileType = sourcecode.c.h; path = ZYActivityViewController.h; sourceTree = "<group>"; };
		8A1CCD0E16AE3A03007DDB80 /* ZYActivityViewController.m */ = {isa = PBXFileReference; fileEncoding = 4; lastKnownFileType = sourcecode.c.objc; path = ZYActivityViewController.m; sourceTree = "<group>"; };
		8A1CCD0F16AE3A03007DDB80 /* ZYAddItemsViewController.h */ = {isa = PBXFileReference; fileEncoding = 4; lastKnownFileType = sourcecode.c.h; path = ZYAddItemsViewController.h; sourceTree = "<group>"; };
		8A1CCD1016AE3A03007DDB80 /* ZYAddItemsViewController.m */ = {isa = PBXFileReference; fileEncoding = 4; lastKnownFileType = sourcecode.c.objc; path = ZYAddItemsViewController.m; sourceTree = "<group>"; };
		8A1CCD1116AE3A03007DDB80 /* ZYAddItemsViewController.xib */ = {isa = PBXFileReference; fileEncoding = 4; lastKnownFileType = file.xib; path = ZYAddItemsViewController.xib; sourceTree = "<group>"; };
		8A1CCD1216AE3A03007DDB80 /* ZYAddItemViewController-iPad.xib */ = {isa = PBXFileReference; fileEncoding = 4; lastKnownFileType = file.xib; path = "ZYAddItemViewController-iPad.xib"; sourceTree = "<group>"; };
		8A1CCD1316AE3A03007DDB80 /* ZYAddItemViewController.h */ = {isa = PBXFileReference; fileEncoding = 4; lastKnownFileType = sourcecode.c.h; path = ZYAddItemViewController.h; sourceTree = "<group>"; };
		8A1CCD1416AE3A03007DDB80 /* ZYAddItemViewController.m */ = {isa = PBXFileReference; fileEncoding = 4; lastKnownFileType = sourcecode.c.objc; path = ZYAddItemViewController.m; sourceTree = "<group>"; };
		8A1CCD1516AE3A03007DDB80 /* ZYAddItemViewController.xib */ = {isa = PBXFileReference; fileEncoding = 4; lastKnownFileType = file.xib; path = ZYAddItemViewController.xib; sourceTree = "<group>"; };
		8A1CCD1616AE3A03007DDB80 /* ZYCredentialsViewController.h */ = {isa = PBXFileReference; fileEncoding = 4; lastKnownFileType = sourcecode.c.h; path = ZYCredentialsViewController.h; sourceTree = "<group>"; };
		8A1CCD1716AE3A03007DDB80 /* ZYCredentialsViewController.m */ = {isa = PBXFileReference; fileEncoding = 4; lastKnownFileType = sourcecode.c.objc; path = ZYCredentialsViewController.m; sourceTree = "<group>"; };
		8A1CCD1816AE3A03007DDB80 /* ZYCredentialsViewController.xib */ = {isa = PBXFileReference; fileEncoding = 4; lastKnownFileType = file.xib; path = ZYCredentialsViewController.xib; sourceTree = "<group>"; };
		8A1CCD1916AE3A03007DDB80 /* ZYInstapaperActivity.h */ = {isa = PBXFileReference; fileEncoding = 4; lastKnownFileType = sourcecode.c.h; path = ZYInstapaperActivity.h; sourceTree = "<group>"; };
		8A1CCD1A16AE3A03007DDB80 /* ZYInstapaperActivity.m */ = {isa = PBXFileReference; fileEncoding = 4; lastKnownFileType = sourcecode.c.objc; path = ZYInstapaperActivity.m; sourceTree = "<group>"; };
		8A1CCD1B16AE3A03007DDB80 /* ZYInstapaperActivityItem.h */ = {isa = PBXFileReference; fileEncoding = 4; lastKnownFileType = sourcecode.c.h; path = ZYInstapaperActivityItem.h; sourceTree = "<group>"; };
		8A1CCD1C16AE3A03007DDB80 /* ZYInstapaperActivityItem.m */ = {isa = PBXFileReference; fileEncoding = 4; lastKnownFileType = sourcecode.c.objc; path = ZYInstapaperActivityItem.m; sourceTree = "<group>"; };
		8A562F171681B8610082661D /* NakamapActivityIcon.png */ = {isa = PBXFileReference; lastKnownFileType = image.png; path = NakamapActivityIcon.png; sourceTree = "<group>"; };
		8A562F181681B8610082661D /* NakamapActivityIcon@2x.png */ = {isa = PBXFileReference; lastKnownFileType = image.png; path = "NakamapActivityIcon@2x.png"; sourceTree = "<group>"; };
		8A562F191681B8610082661D /* NakamapActivityIcon@2x~ipad.png */ = {isa = PBXFileReference; lastKnownFileType = image.png; path = "NakamapActivityIcon@2x~ipad.png"; sourceTree = "<group>"; };
		8A562F1A1681B8610082661D /* NakamapActivityIcon~ipad.png */ = {isa = PBXFileReference; lastKnownFileType = image.png; path = "NakamapActivityIcon~ipad.png"; sourceTree = "<group>"; };
		8A562F1B1681B8610082661D /* SHNakamapActivity.h */ = {isa = PBXFileReference; fileEncoding = 4; lastKnownFileType = sourcecode.c.h; path = SHNakamapActivity.h; sourceTree = "<group>"; };
		8A562F1C1681B8610082661D /* SHNakamapActivity.m */ = {isa = PBXFileReference; fileEncoding = 4; lastKnownFileType = sourcecode.c.objc; path = SHNakamapActivity.m; sourceTree = "<group>"; };
		8A68009917946C1000ECE7A0 /* NHCalendarActivity.bundle */ = {isa = PBXFileReference; lastKnownFileType = "wrapper.plug-in"; path = NHCalendarActivity.bundle; sourceTree = "<group>"; };
		8A68009A17946C1000ECE7A0 /* NHCalendarActivity.h */ = {isa = PBXFileReference; fileEncoding = 4; lastKnownFileType = sourcecode.c.h; path = NHCalendarActivity.h; sourceTree = "<group>"; };
		8A68009B17946C1000ECE7A0 /* NHCalendarActivity.m */ = {isa = PBXFileReference; fileEncoding = 4; lastKnownFileType = sourcecode.c.objc; path = NHCalendarActivity.m; sourceTree = "<group>"; };
		8A68009C17946C1000ECE7A0 /* NHCalendarEvent.h */ = {isa = PBXFileReference; fileEncoding = 4; lastKnownFileType = sourcecode.c.h; path = NHCalendarEvent.h; sourceTree = "<group>"; };
		8A68009D17946C1000ECE7A0 /* NHCalendarEvent.m */ = {isa = PBXFileReference; fileEncoding = 4; lastKnownFileType = sourcecode.c.objc; path = NHCalendarEvent.m; sourceTree = "<group>"; };
		8A8698011671AF0A00F82DDE /* ARChromeActivity.png */ = {isa = PBXFileReference; lastKnownFileType = image.png; path = ARChromeActivity.png; sourceTree = "<group>"; };
		8A8698021671AF0A00F82DDE /* ARChromeActivity@2x.png */ = {isa = PBXFileReference; lastKnownFileType = image.png; path = "ARChromeActivity@2x.png"; sourceTree = "<group>"; };
		8A8698031671AF0A00F82DDE /* ARChromeActivity@2x~ipad.png */ = {isa = PBXFileReference; lastKnownFileType = image.png; path = "ARChromeActivity@2x~ipad.png"; sourceTree = "<group>"; };
		8A8698041671AF0A00F82DDE /* ARChromeActivity~ipad.png */ = {isa = PBXFileReference; lastKnownFileType = image.png; path = "ARChromeActivity~ipad.png"; sourceTree = "<group>"; };
		8A8698181671B07B00F82DDE /* EventKit.framework */ = {isa = PBXFileReference; lastKnownFileType = wrapper.framework; name = EventKit.framework; path = System/Library/Frameworks/EventKit.framework; sourceTree = SDKROOT; };
		8A86981B1671B5AC00F82DDE /* Safari.png */ = {isa = PBXFileReference; lastKnownFileType = image.png; path = Safari.png; sourceTree = "<group>"; };
		8A86981C1671B5AC00F82DDE /* Safari@2x.png */ = {isa = PBXFileReference; lastKnownFileType = image.png; path = "Safari@2x.png"; sourceTree = "<group>"; };
		8A86981D1671B5AC00F82DDE /* Safari@2x~ipad.png */ = {isa = PBXFileReference; lastKnownFileType = image.png; path = "Safari@2x~ipad.png"; sourceTree = "<group>"; };
		8A86981E1671B5AC00F82DDE /* Safari~ipad.png */ = {isa = PBXFileReference; lastKnownFileType = image.png; path = "Safari~ipad.png"; sourceTree = "<group>"; };
		8A86981F1671B5AC00F82DDE /* TUSafariActivity.h */ = {isa = PBXFileReference; fileEncoding = 4; lastKnownFileType = sourcecode.c.h; path = TUSafariActivity.h; sourceTree = "<group>"; };
		8A8698201671B5AC00F82DDE /* TUSafariActivity.m */ = {isa = PBXFileReference; fileEncoding = 4; lastKnownFileType = sourcecode.c.objc; path = TUSafariActivity.m; sourceTree = "<group>"; };
		8A8698271671B77700F82DDE /* LINEActivity.h */ = {isa = PBXFileReference; fileEncoding = 4; lastKnownFileType = sourcecode.c.h; path = LINEActivity.h; sourceTree = "<group>"; };
		8A8698281671B77700F82DDE /* LINEActivity.m */ = {isa = PBXFileReference; fileEncoding = 4; lastKnownFileType = sourcecode.c.objc; path = LINEActivity.m; sourceTree = "<group>"; };
		8A8698291671B77700F82DDE /* LINEActivityIcon.png */ = {isa = PBXFileReference; lastKnownFileType = image.png; path = LINEActivityIcon.png; sourceTree = "<group>"; };
		8A86982A1671B77700F82DDE /* LINEActivityIcon@2x.png */ = {isa = PBXFileReference; lastKnownFileType = image.png; path = "LINEActivityIcon@2x.png"; sourceTree = "<group>"; };
		8A86982B1671B77700F82DDE /* LINEActivityIcon@2x~ipad.png */ = {isa = PBXFileReference; lastKnownFileType = image.png; path = "LINEActivityIcon@2x~ipad.png"; sourceTree = "<group>"; };
		8A86982C1671B77700F82DDE /* LINEActivityIcon~ipad.png */ = {isa = PBXFileReference; lastKnownFileType = image.png; path = "LINEActivityIcon~ipad.png"; sourceTree = "<group>"; };
		8AB8C0551664C4D0003A236C /* ARChromeActivity.h */ = {isa = PBXFileReference; fileEncoding = 4; lastKnownFileType = sourcecode.c.h; path = ARChromeActivity.h; sourceTree = "<group>"; };
		8AB8C0561664C4D0003A236C /* ARChromeActivity.m */ = {isa = PBXFileReference; fileEncoding = 4; lastKnownFileType = sourcecode.c.objc; path = ARChromeActivity.m; sourceTree = "<group>"; };
		8AB8C0661664C882003A236C /* button1@2x.png */ = {isa = PBXFileReference; lastKnownFileType = image.png; path = "button1@2x.png"; sourceTree = "<group>"; };
		8AB8C0671664C882003A236C /* button2@2x.png */ = {isa = PBXFileReference; lastKnownFileType = image.png; path = "button2@2x.png"; sourceTree = "<group>"; };
		8ACF02441664AFEF00B114BB /* UIActivityCollectionDemo.app */ = {isa = PBXFileReference; explicitFileType = wrapper.application; includeInIndex = 0; path = UIActivityCollectionDemo.app; sourceTree = BUILT_PRODUCTS_DIR; };
		8ACF02481664AFEF00B114BB /* UIKit.framework */ = {isa = PBXFileReference; lastKnownFileType = wrapper.framework; name = UIKit.framework; path = System/Library/Frameworks/UIKit.framework; sourceTree = SDKROOT; };
		8ACF024A1664AFEF00B114BB /* Foundation.framework */ = {isa = PBXFileReference; lastKnownFileType = wrapper.framework; name = Foundation.framework; path = System/Library/Frameworks/Foundation.framework; sourceTree = SDKROOT; };
		8ACF024C1664AFEF00B114BB /* CoreGraphics.framework */ = {isa = PBXFileReference; lastKnownFileType = wrapper.framework; name = CoreGraphics.framework; path = System/Library/Frameworks/CoreGraphics.framework; sourceTree = SDKROOT; };
		8ACF02501664AFEF00B114BB /* UIActivityCollectionDemo-Info.plist */ = {isa = PBXFileReference; lastKnownFileType = text.plist.xml; path = "UIActivityCollectionDemo-Info.plist"; sourceTree = "<group>"; };
		8ACF02521664AFEF00B114BB /* en */ = {isa = PBXFileReference; lastKnownFileType = text.plist.strings; name = en; path = en.lproj/InfoPlist.strings; sourceTree = "<group>"; };
		8ACF02541664AFEF00B114BB /* main.m */ = {isa = PBXFileReference; lastKnownFileType = sourcecode.c.objc; path = main.m; sourceTree = "<group>"; };
		8ACF02561664AFEF00B114BB /* UIActivityCollectionDemo-Prefix.pch */ = {isa = PBXFileReference; lastKnownFileType = sourcecode.c.h; path = "UIActivityCollectionDemo-Prefix.pch"; sourceTree = "<group>"; };
		8ACF02571664AFEF00B114BB /* AppDelegate.h */ = {isa = PBXFileReference; lastKnownFileType = sourcecode.c.h; path = AppDelegate.h; sourceTree = "<group>"; };
		8ACF02581664AFEF00B114BB /* AppDelegate.m */ = {isa = PBXFileReference; lastKnownFileType = sourcecode.c.objc; path = AppDelegate.m; sourceTree = "<group>"; };
		8ACF025A1664AFEF00B114BB /* Default.png */ = {isa = PBXFileReference; lastKnownFileType = image.png; path = Default.png; sourceTree = "<group>"; };
		8ACF025C1664AFEF00B114BB /* Default@2x.png */ = {isa = PBXFileReference; lastKnownFileType = image.png; path = "Default@2x.png"; sourceTree = "<group>"; };
		8ACF025E1664AFEF00B114BB /* Default-568h@2x.png */ = {isa = PBXFileReference; lastKnownFileType = image.png; path = "Default-568h@2x.png"; sourceTree = "<group>"; };
		8ACF02601664AFEF00B114BB /* ViewController.h */ = {isa = PBXFileReference; lastKnownFileType = sourcecode.c.h; path = ViewController.h; sourceTree = "<group>"; };
		8ACF02611664AFEF00B114BB /* ViewController.m */ = {isa = PBXFileReference; lastKnownFileType = sourcecode.c.objc; path = ViewController.m; sourceTree = "<group>"; };
		8ACF02641664AFEF00B114BB /* en */ = {isa = PBXFileReference; lastKnownFileType = file.xib; name = en; path = en.lproj/ViewController.xib; sourceTree = "<group>"; };
		8ACF03511664B5C700B114BB /* Security.framework */ = {isa = PBXFileReference; lastKnownFileType = wrapper.framework; name = Security.framework; path = System/Library/Frameworks/Security.framework; sourceTree = SDKROOT; };
		8ACF03531664B5F300B114BB /* CFNetwork.framework */ = {isa = PBXFileReference; lastKnownFileType = wrapper.framework; name = CFNetwork.framework; path = System/Library/Frameworks/CFNetwork.framework; sourceTree = SDKROOT; };
		8ACF03551664B63200B114BB /* SystemConfiguration.framework */ = {isa = PBXFileReference; lastKnownFileType = wrapper.framework; name = SystemConfiguration.framework; path = System/Library/Frameworks/SystemConfiguration.framework; sourceTree = SDKROOT; };
		8ACF035C1664B69A00B114BB /* QuartzCore.framework */ = {isa = PBXFileReference; lastKnownFileType = wrapper.framework; name = QuartzCore.framework; path = System/Library/Frameworks/QuartzCore.framework; sourceTree = SDKROOT; };
		8ACF035F1664B86100B114BB /* GSDropboxActivity.h */ = {isa = PBXFileReference; fileEncoding = 4; lastKnownFileType = sourcecode.c.h; path = GSDropboxActivity.h; sourceTree = "<group>"; };
		8ACF03601664B86100B114BB /* GSDropboxActivity.m */ = {isa = PBXFileReference; fileEncoding = 4; lastKnownFileType = sourcecode.c.objc; path = GSDropboxActivity.m; sourceTree = "<group>"; };
		8ACF03621664B86100B114BB /* GSDropboxActivityIcon.png */ = {isa = PBXFileReference; lastKnownFileType = image.png; path = GSDropboxActivityIcon.png; sourceTree = "<group>"; };
		8ACF03631664B86100B114BB /* GSDropboxActivityIcon@2x.png */ = {isa = PBXFileReference; lastKnownFileType = image.png; path = "GSDropboxActivityIcon@2x.png"; sourceTree = "<group>"; };
		8ACF03641664B86100B114BB /* GSDropboxActivityIcon@2x~ipad.png */ = {isa = PBXFileReference; lastKnownFileType = image.png; path = "GSDropboxActivityIcon@2x~ipad.png"; sourceTree = "<group>"; };
		8ACF03651664B86100B114BB /* GSDropboxActivityIcon~ipad.png */ = {isa = PBXFileReference; lastKnownFileType = image.png; path = "GSDropboxActivityIcon~ipad.png"; sourceTree = "<group>"; };
		8ACF03661664B86100B114BB /* GSDropboxDestinationSelectionViewController.h */ = {isa = PBXFileReference; fileEncoding = 4; lastKnownFileType = sourcecode.c.h; path = GSDropboxDestinationSelectionViewController.h; sourceTree = "<group>"; };
		8ACF03671664B86100B114BB /* GSDropboxDestinationSelectionViewController.m */ = {isa = PBXFileReference; fileEncoding = 4; lastKnownFileType = sourcecode.c.objc; path = GSDropboxDestinationSelectionViewController.m; sourceTree = "<group>"; };
		8ACF03681664B86100B114BB /* GSDropboxUploader.h */ = {isa = PBXFileReference; fileEncoding = 4; lastKnownFileType = sourcecode.c.h; path = GSDropboxUploader.h; sourceTree = "<group>"; };
		8ACF03691664B86100B114BB /* GSDropboxUploader.m */ = {isa = PBXFileReference; fileEncoding = 4; lastKnownFileType = sourcecode.c.objc; path = GSDropboxUploader.m; sourceTree = "<group>"; };
		8ACF036A1664B86100B114BB /* GSDropboxUploadJob.h */ = {isa = PBXFileReference; fileEncoding = 4; lastKnownFileType = sourcecode.c.h; path = GSDropboxUploadJob.h; sourceTree = "<group>"; };
		8ACF036B1664B86100B114BB /* GSDropboxUploadJob.m */ = {isa = PBXFileReference; fileEncoding = 4; lastKnownFileType = sourcecode.c.objc; path = GSDropboxUploadJob.m; sourceTree = "<group>"; };
		8ACF03791664B90F00B114BB /* DropboxSDK.framework */ = {isa = PBXFileReference; lastKnownFileType = wrapper.framework; name = DropboxSDK.framework; path = ../Dropbox/GSDropboxDemoApp/DropboxSDK.framework; sourceTree = "<group>"; };
		8ACF03C11664BCB000B114BB /* DMActivityInstagram.h */ = {isa = PBXFileReference; fileEncoding = 4; lastKnownFileType = sourcecode.c.h; path = DMActivityInstagram.h; sourceTree = "<group>"; };
		8ACF03C21664BCB000B114BB /* DMActivityInstagram.m */ = {isa = PBXFileReference; fileEncoding = 4; lastKnownFileType = sourcecode.c.objc; path = DMActivityInstagram.m; sourceTree = "<group>"; };
		8ACF03C71664BCB000B114BB /* DMResizerViewController.h */ = {isa = PBXFileReference; fileEncoding = 4; lastKnownFileType = sourcecode.c.h; path = DMResizerViewController.h; sourceTree = "<group>"; };
		8ACF03C81664BCB000B114BB /* DMResizerViewController.m */ = {isa = PBXFileReference; fileEncoding = 4; lastKnownFileType = sourcecode.c.objc; path = DMResizerViewController.m; sourceTree = "<group>"; };
		8ACF03C91664BCB000B114BB /* DMResizerViewController.xib */ = {isa = PBXFileReference; fileEncoding = 4; lastKnownFileType = file.xib; path = DMResizerViewController.xib; sourceTree = "<group>"; };
		8ACF03D21664BCB000B114BB /* instagram.png */ = {isa = PBXFileReference; lastKnownFileType = image.png; path = instagram.png; sourceTree = "<group>"; };
		8ACF03D31664BCB000B114BB /* instagram@2x.png */ = {isa = PBXFileReference; lastKnownFileType = image.png; path = "instagram@2x.png"; sourceTree = "<group>"; };
		8ACF03D41664BCB000B114BB /* instagram~ipad.png */ = {isa = PBXFileReference; lastKnownFileType = image.png; path = "instagram~ipad.png"; sourceTree = "<group>"; };
		8ACF03D51664BCB000B114BB /* instagram~ipad@2x.png */ = {isa = PBXFileReference; lastKnownFileType = image.png; path = "instagram~ipad@2x.png"; sourceTree = "<group>"; };
		8ACF03EC1664C05400B114BB /* sample.png */ = {isa = PBXFileReference; lastKnownFileType = image.png; path = sample.png; sourceTree = "<group>"; };
		8AE5D7151884AF0100384B5D /* DMColorPickerView.h */ = {isa = PBXFileReference; fileEncoding = 4; lastKnownFileType = sourcecode.c.h; path = DMColorPickerView.h; sourceTree = "<group>"; };
		8AE5D7161884AF0100384B5D /* DMColorPickerView.m */ = {isa = PBXFileReference; fileEncoding = 4; lastKnownFileType = sourcecode.c.objc; path = DMColorPickerView.m; sourceTree = "<group>"; };
/* End PBXFileReference section */

/* Begin PBXFrameworksBuildPhase section */
		8ACF02411664AFEF00B114BB /* Frameworks */ = {
			isa = PBXFrameworksBuildPhase;
			buildActionMask = 2147483647;
			files = (
				8A8698191671B07B00F82DDE /* EventKit.framework in Frameworks */,
				8ACF037A1664B90F00B114BB /* DropboxSDK.framework in Frameworks */,
				8ACF035D1664B69A00B114BB /* QuartzCore.framework in Frameworks */,
				8ACF03561664B63200B114BB /* SystemConfiguration.framework in Frameworks */,
				8ACF03521664B5C700B114BB /* Security.framework in Frameworks */,
				8ACF02491664AFEF00B114BB /* UIKit.framework in Frameworks */,
				8ACF024B1664AFEF00B114BB /* Foundation.framework in Frameworks */,
				8ACF024D1664AFEF00B114BB /* CoreGraphics.framework in Frameworks */,
			);
			runOnlyForDeploymentPostprocessing = 0;
		};
/* End PBXFrameworksBuildPhase section */

/* Begin PBXGroup section */
		8A1CCCF316AE3A03007DDB80 /* ZYInstapaperActivity */ = {
			isa = PBXGroup;
			children = (
				8A1CCCF416AE3A03007DDB80 /* Images */,
				8A1CCCF916AE3A03007DDB80 /* Requests */,
				8A1CCCFD16AE3A03007DDB80 /* Security */,
				8A1CCD0016AE3A03007DDB80 /* ThirdParties */,
				8A1CCD0C16AE3A03007DDB80 /* UserInterface */,
				8A1CCD1916AE3A03007DDB80 /* ZYInstapaperActivity.h */,
				8A1CCD1A16AE3A03007DDB80 /* ZYInstapaperActivity.m */,
				8A1CCD1B16AE3A03007DDB80 /* ZYInstapaperActivityItem.h */,
				8A1CCD1C16AE3A03007DDB80 /* ZYInstapaperActivityItem.m */,
			);
			name = ZYInstapaperActivity;
			path = ../Instapaper/ZYInstapaperActivity;
			sourceTree = "<group>";
		};
		8A1CCCF416AE3A03007DDB80 /* Images */ = {
			isa = PBXGroup;
			children = (
				8A1CCCF516AE3A03007DDB80 /* instapaper-ipad.png */,
				8A1CCCF616AE3A03007DDB80 /* instapaper-ipad@2x.png */,
				8A1CCCF716AE3A03007DDB80 /* instapaper.png */,
				8A1CCCF816AE3A03007DDB80 /* instapaper@2x.png */,
			);
			path = Images;
			sourceTree = "<group>";
		};
		8A1CCCF916AE3A03007DDB80 /* Requests */ = {
			isa = PBXGroup;
			children = (
				8A1CCCFA16AE3A03007DDB80 /* ZYInstapaperAddRequest.h */,
				8A1CCCFB16AE3A03007DDB80 /* ZYInstapaperAddRequest.m */,
				8A1CCCFC16AE3A03007DDB80 /* ZYInstapaperAddRequestDelegate.h */,
			);
			path = Requests;
			sourceTree = "<group>";
		};
		8A1CCCFD16AE3A03007DDB80 /* Security */ = {
			isa = PBXGroup;
			children = (
				8A1CCCFE16AE3A03007DDB80 /* ZYInstapaperActivitySecurity.h */,
				8A1CCCFF16AE3A03007DDB80 /* ZYInstapaperActivitySecurity.m */,
			);
			path = Security;
			sourceTree = "<group>";
		};
		8A1CCD0016AE3A03007DDB80 /* ThirdParties */ = {
			isa = PBXGroup;
			children = (
				8A1CCD0116AE3A03007DDB80 /* Apple */,
				8A1CCD0516AE3A03007DDB80 /* Zerously */,
			);
			path = ThirdParties;
			sourceTree = "<group>";
		};
		8A1CCD0116AE3A03007DDB80 /* Apple */ = {
			isa = PBXGroup;
			children = (
				8A1CCD0216AE3A03007DDB80 /* KeychainItemWrapper */,
			);
			path = Apple;
			sourceTree = "<group>";
		};
		8A1CCD0216AE3A03007DDB80 /* KeychainItemWrapper */ = {
			isa = PBXGroup;
			children = (
				8A1CCD0316AE3A03007DDB80 /* KeychainItemWrapper.h */,
				8A1CCD0416AE3A03007DDB80 /* KeychainItemWrapper.m */,
			);
			path = KeychainItemWrapper;
			sourceTree = "<group>";
		};
		8A1CCD0516AE3A03007DDB80 /* Zerously */ = {
			isa = PBXGroup;
			children = (
				8A1CCD0616AE3A03007DDB80 /* ZYActivity */,
				8A1CCD0916AE3A03007DDB80 /* ZYTopAlignedLabel */,
			);
			path = Zerously;
			sourceTree = "<group>";
		};
		8A1CCD0616AE3A03007DDB80 /* ZYActivity */ = {
			isa = PBXGroup;
			children = (
				8A1CCD0716AE3A03007DDB80 /* ZYActivity.h */,
				8A1CCD0816AE3A03007DDB80 /* ZYActivity.m */,
			);
			path = ZYActivity;
			sourceTree = "<group>";
		};
		8A1CCD0916AE3A03007DDB80 /* ZYTopAlignedLabel */ = {
			isa = PBXGroup;
			children = (
				8A1CCD0A16AE3A03007DDB80 /* ZYTopAlignedLabel.h */,
				8A1CCD0B16AE3A03007DDB80 /* ZYTopAlignedLabel.m */,
			);
			path = ZYTopAlignedLabel;
			sourceTree = "<group>";
		};
		8A1CCD0C16AE3A03007DDB80 /* UserInterface */ = {
			isa = PBXGroup;
			children = (
				8A1CCD0D16AE3A03007DDB80 /* ZYActivityViewController.h */,
				8A1CCD0E16AE3A03007DDB80 /* ZYActivityViewController.m */,
				8A1CCD0F16AE3A03007DDB80 /* ZYAddItemsViewController.h */,
				8A1CCD1016AE3A03007DDB80 /* ZYAddItemsViewController.m */,
				8A1CCD1116AE3A03007DDB80 /* ZYAddItemsViewController.xib */,
				8A1CCD1216AE3A03007DDB80 /* ZYAddItemViewController-iPad.xib */,
				8A1CCD1316AE3A03007DDB80 /* ZYAddItemViewController.h */,
				8A1CCD1416AE3A03007DDB80 /* ZYAddItemViewController.m */,
				8A1CCD1516AE3A03007DDB80 /* ZYAddItemViewController.xib */,
				8A1CCD1616AE3A03007DDB80 /* ZYCredentialsViewController.h */,
				8A1CCD1716AE3A03007DDB80 /* ZYCredentialsViewController.m */,
				8A1CCD1816AE3A03007DDB80 /* ZYCredentialsViewController.xib */,
			);
			path = UserInterface;
			sourceTree = "<group>";
		};
		8A562F161681B8610082661D /* SHNakamapActivity */ = {
			isa = PBXGroup;
			children = (
				8A562F171681B8610082661D /* NakamapActivityIcon.png */,
				8A562F181681B8610082661D /* NakamapActivityIcon@2x.png */,
				8A562F191681B8610082661D /* NakamapActivityIcon@2x~ipad.png */,
				8A562F1A1681B8610082661D /* NakamapActivityIcon~ipad.png */,
				8A562F1B1681B8610082661D /* SHNakamapActivity.h */,
				8A562F1C1681B8610082661D /* SHNakamapActivity.m */,
			);
			name = SHNakamapActivity;
			path = ../Nakamap/SHNakamapActivity;
			sourceTree = "<group>";
		};
		8A68009817946C1000ECE7A0 /* NHCalendarActivity */ = {
			isa = PBXGroup;
			children = (
				8A68009917946C1000ECE7A0 /* NHCalendarActivity.bundle */,
				8A68009A17946C1000ECE7A0 /* NHCalendarActivity.h */,
				8A68009B17946C1000ECE7A0 /* NHCalendarActivity.m */,
				8A68009C17946C1000ECE7A0 /* NHCalendarEvent.h */,
				8A68009D17946C1000ECE7A0 /* NHCalendarEvent.m */,
			);
			name = NHCalendarActivity;
			path = ../Calendar/NHCalendarActivity/NHCalendarActivity;
			sourceTree = "<group>";
		};
		8A86981A1671B5AC00F82DDE /* TUSafariActivity */ = {
			isa = PBXGroup;
			children = (
				8A86981B1671B5AC00F82DDE /* Safari.png */,
				8A86981C1671B5AC00F82DDE /* Safari@2x.png */,
				8A86981D1671B5AC00F82DDE /* Safari@2x~ipad.png */,
				8A86981E1671B5AC00F82DDE /* Safari~ipad.png */,
				8A86981F1671B5AC00F82DDE /* TUSafariActivity.h */,
				8A8698201671B5AC00F82DDE /* TUSafariActivity.m */,
			);
			name = TUSafariActivity;
			path = ../Safari/TUSafariActivity;
			sourceTree = "<group>";
		};
		8A8698261671B77700F82DDE /* LINEActivity */ = {
			isa = PBXGroup;
			children = (
				8A8698271671B77700F82DDE /* LINEActivity.h */,
				8A8698281671B77700F82DDE /* LINEActivity.m */,
				8A8698291671B77700F82DDE /* LINEActivityIcon.png */,
				8A86982A1671B77700F82DDE /* LINEActivityIcon@2x.png */,
				8A86982B1671B77700F82DDE /* LINEActivityIcon@2x~ipad.png */,
				8A86982C1671B77700F82DDE /* LINEActivityIcon~ipad.png */,
			);
			name = LINEActivity;
			path = ../Line/LINEActivity;
			sourceTree = "<group>";
		};
		8AB8C0541664C4D0003A236C /* ARChromeActivity */ = {
			isa = PBXGroup;
			children = (
				8A8698011671AF0A00F82DDE /* ARChromeActivity.png */,
				8A8698021671AF0A00F82DDE /* ARChromeActivity@2x.png */,
				8A8698031671AF0A00F82DDE /* ARChromeActivity@2x~ipad.png */,
				8A8698041671AF0A00F82DDE /* ARChromeActivity~ipad.png */,
				8AB8C0551664C4D0003A236C /* ARChromeActivity.h */,
				8AB8C0561664C4D0003A236C /* ARChromeActivity.m */,
			);
			name = ARChromeActivity;
			path = ../Chrome/ARChromeActivity;
			sourceTree = "<group>";
		};
		8AB8C0611664C55C003A236C /* Activities */ = {
			isa = PBXGroup;
			children = (
				8A68009817946C1000ECE7A0 /* NHCalendarActivity */,
				8A1CCCF316AE3A03007DDB80 /* ZYInstapaperActivity */,
				8A562F161681B8610082661D /* SHNakamapActivity */,
				8A8698261671B77700F82DDE /* LINEActivity */,
				8A86981A1671B5AC00F82DDE /* TUSafariActivity */,
				8AB8C0541664C4D0003A236C /* ARChromeActivity */,
				8ACF03BB1664BCB000B114BB /* DMActivityInstagram */,
				8ACF035E1664B86100B114BB /* GSDropboxActivity */,
			);
			name = Activities;
			sourceTree = "<group>";
		};
		8ACF02391664AFEF00B114BB = {
			isa = PBXGroup;
			children = (
				8AB8C0611664C55C003A236C /* Activities */,
				8ACF024E1664AFEF00B114BB /* UIActivityCollectionDemo */,
				8ACF03EA1664C05400B114BB /* Resources */,
				8ACF02471664AFEF00B114BB /* Frameworks */,
				8ACF02451664AFEF00B114BB /* Products */,
			);
			sourceTree = "<group>";
		};
		8ACF02451664AFEF00B114BB /* Products */ = {
			isa = PBXGroup;
			children = (
				8ACF02441664AFEF00B114BB /* UIActivityCollectionDemo.app */,
			);
			name = Products;
			sourceTree = "<group>";
		};
		8ACF02471664AFEF00B114BB /* Frameworks */ = {
			isa = PBXGroup;
			children = (
				8A8698181671B07B00F82DDE /* EventKit.framework */,
				8ACF03791664B90F00B114BB /* DropboxSDK.framework */,
				8ACF035C1664B69A00B114BB /* QuartzCore.framework */,
				8ACF03551664B63200B114BB /* SystemConfiguration.framework */,
				8ACF03531664B5F300B114BB /* CFNetwork.framework */,
				8ACF03511664B5C700B114BB /* Security.framework */,
				8ACF02481664AFEF00B114BB /* UIKit.framework */,
				8ACF024A1664AFEF00B114BB /* Foundation.framework */,
				8ACF024C1664AFEF00B114BB /* CoreGraphics.framework */,
			);
			name = Frameworks;
			sourceTree = "<group>";
		};
		8ACF024E1664AFEF00B114BB /* UIActivityCollectionDemo */ = {
			isa = PBXGroup;
			children = (
				8ACF02571664AFEF00B114BB /* AppDelegate.h */,
				8ACF02581664AFEF00B114BB /* AppDelegate.m */,
				8ACF02601664AFEF00B114BB /* ViewController.h */,
				8ACF02611664AFEF00B114BB /* ViewController.m */,
				8ACF02631664AFEF00B114BB /* ViewController.xib */,
				8ACF024F1664AFEF00B114BB /* Supporting Files */,
			);
			path = UIActivityCollectionDemo;
			sourceTree = "<group>";
		};
		8ACF024F1664AFEF00B114BB /* Supporting Files */ = {
			isa = PBXGroup;
			children = (
				8ACF02501664AFEF00B114BB /* UIActivityCollectionDemo-Info.plist */,
				8ACF02511664AFEF00B114BB /* InfoPlist.strings */,
				8ACF02541664AFEF00B114BB /* main.m */,
				8ACF02561664AFEF00B114BB /* UIActivityCollectionDemo-Prefix.pch */,
				8ACF025A1664AFEF00B114BB /* Default.png */,
				8ACF025C1664AFEF00B114BB /* Default@2x.png */,
				8ACF025E1664AFEF00B114BB /* Default-568h@2x.png */,
			);
			name = "Supporting Files";
			sourceTree = "<group>";
		};
		8ACF035E1664B86100B114BB /* GSDropboxActivity */ = {
			isa = PBXGroup;
			children = (
				8ACF035F1664B86100B114BB /* GSDropboxActivity.h */,
				8ACF03601664B86100B114BB /* GSDropboxActivity.m */,
				8ACF03621664B86100B114BB /* GSDropboxActivityIcon.png */,
				8ACF03631664B86100B114BB /* GSDropboxActivityIcon@2x.png */,
				8ACF03641664B86100B114BB /* GSDropboxActivityIcon@2x~ipad.png */,
				8ACF03651664B86100B114BB /* GSDropboxActivityIcon~ipad.png */,
				8ACF03661664B86100B114BB /* GSDropboxDestinationSelectionViewController.h */,
				8ACF03671664B86100B114BB /* GSDropboxDestinationSelectionViewController.m */,
				8ACF03681664B86100B114BB /* GSDropboxUploader.h */,
				8ACF03691664B86100B114BB /* GSDropboxUploader.m */,
				8ACF036A1664B86100B114BB /* GSDropboxUploadJob.h */,
				8ACF036B1664B86100B114BB /* GSDropboxUploadJob.m */,
			);
			name = GSDropboxActivity;
			path = ../Dropbox/GSDropboxActivity;
			sourceTree = "<group>";
		};
		8ACF03BB1664BCB000B114BB /* DMActivityInstagram */ = {
			isa = PBXGroup;
			children = (
				8AE5D7151884AF0100384B5D /* DMColorPickerView.h */,
				8AE5D7161884AF0100384B5D /* DMColorPickerView.m */,
				8ACF03C11664BCB000B114BB /* DMActivityInstagram.h */,
				8ACF03C21664BCB000B114BB /* DMActivityInstagram.m */,
				8ACF03C71664BCB000B114BB /* DMResizerViewController.h */,
				8ACF03C81664BCB000B114BB /* DMResizerViewController.m */,
				8ACF03C91664BCB000B114BB /* DMResizerViewController.xib */,
				8ACF03D21664BCB000B114BB /* instagram.png */,
				8ACF03D31664BCB000B114BB /* instagram@2x.png */,
				8ACF03D41664BCB000B114BB /* instagram~ipad.png */,
				8ACF03D51664BCB000B114BB /* instagram~ipad@2x.png */,
			);
			name = DMActivityInstagram;
			path = ../Instagram/DMActivityInstagram;
			sourceTree = "<group>";
		};
		8ACF03EA1664C05400B114BB /* Resources */ = {
			isa = PBXGroup;
			children = (
				8ACF03EB1664C05400B114BB /* images */,
			);
			path = Resources;
			sourceTree = "<group>";
		};
		8ACF03EB1664C05400B114BB /* images */ = {
			isa = PBXGroup;
			children = (
				8AB8C0661664C882003A236C /* button1@2x.png */,
				8AB8C0671664C882003A236C /* button2@2x.png */,
				8ACF03EC1664C05400B114BB /* sample.png */,
			);
			path = images;
			sourceTree = "<group>";
		};
/* End PBXGroup section */

/* Begin PBXNativeTarget section */
		8ACF02431664AFEF00B114BB /* UIActivityCollectionDemo */ = {
			isa = PBXNativeTarget;
			buildConfigurationList = 8ACF02681664AFEF00B114BB /* Build configuration list for PBXNativeTarget "UIActivityCollectionDemo" */;
			buildPhases = (
				8ACF02401664AFEF00B114BB /* Sources */,
				8ACF02411664AFEF00B114BB /* Frameworks */,
				8ACF02421664AFEF00B114BB /* Resources */,
			);
			buildRules = (
			);
			dependencies = (
			);
			name = UIActivityCollectionDemo;
			productName = UIActivityCollectionDemo;
			productReference = 8ACF02441664AFEF00B114BB /* UIActivityCollectionDemo.app */;
			productType = "com.apple.product-type.application";
		};
/* End PBXNativeTarget section */

/* Begin PBXProject section */
		8ACF023B1664AFEF00B114BB /* Project object */ = {
			isa = PBXProject;
			attributes = {
				LastUpgradeCheck = 0450;
				ORGANIZATIONNAME = "Shuichi Tsutsumi";
			};
			buildConfigurationList = 8ACF023E1664AFEF00B114BB /* Build configuration list for PBXProject "UIActivityCollectionDemo" */;
			compatibilityVersion = "Xcode 3.2";
			developmentRegion = English;
			hasScannedForEncodings = 0;
			knownRegions = (
				en,
			);
			mainGroup = 8ACF02391664AFEF00B114BB;
			productRefGroup = 8ACF02451664AFEF00B114BB /* Products */;
			projectDirPath = "";
			projectRoot = "";
			targets = (
				8ACF02431664AFEF00B114BB /* UIActivityCollectionDemo */,
			);
		};
/* End PBXProject section */

/* Begin PBXResourcesBuildPhase section */
		8ACF02421664AFEF00B114BB /* Resources */ = {
			isa = PBXResourcesBuildPhase;
			buildActionMask = 2147483647;
			files = (
				8ACF02531664AFEF00B114BB /* InfoPlist.strings in Resources */,
				8ACF025B1664AFEF00B114BB /* Default.png in Resources */,
				8ACF025D1664AFEF00B114BB /* Default@2x.png in Resources */,
				8ACF025F1664AFEF00B114BB /* Default-568h@2x.png in Resources */,
				8ACF02651664AFEF00B114BB /* ViewController.xib in Resources */,
				8ACF036E1664B86100B114BB /* GSDropboxActivityIcon.png in Resources */,
				8ACF036F1664B86100B114BB /* GSDropboxActivityIcon@2x.png in Resources */,
				8ACF03701664B86100B114BB /* GSDropboxActivityIcon@2x~ipad.png in Resources */,
				8ACF03711664B86100B114BB /* GSDropboxActivityIcon~ipad.png in Resources */,
				8ACF03DF1664BCB000B114BB /* DMResizerViewController.xib in Resources */,
				8ACF03E51664BCB000B114BB /* instagram.png in Resources */,
				8ACF03E61664BCB000B114BB /* instagram@2x.png in Resources */,
				8ACF03E71664BCB000B114BB /* instagram~ipad.png in Resources */,
				8ACF03E81664BCB000B114BB /* instagram~ipad@2x.png in Resources */,
				8ACF03ED1664C05400B114BB /* sample.png in Resources */,
				8AB8C0681664C882003A236C /* button1@2x.png in Resources */,
				8AB8C0691664C882003A236C /* button2@2x.png in Resources */,
				8A8698051671AF0A00F82DDE /* ARChromeActivity.png in Resources */,
				8A8698061671AF0A00F82DDE /* ARChromeActivity@2x.png in Resources */,
				8A8698071671AF0A00F82DDE /* ARChromeActivity@2x~ipad.png in Resources */,
				8A8698081671AF0A00F82DDE /* ARChromeActivity~ipad.png in Resources */,
				8A8698211671B5AC00F82DDE /* Safari.png in Resources */,
				8A8698221671B5AC00F82DDE /* Safari@2x.png in Resources */,
				8A8698231671B5AC00F82DDE /* Safari@2x~ipad.png in Resources */,
				8A8698241671B5AC00F82DDE /* Safari~ipad.png in Resources */,
				8A86982E1671B77700F82DDE /* LINEActivityIcon.png in Resources */,
				8A86982F1671B77700F82DDE /* LINEActivityIcon@2x.png in Resources */,
				8A8698301671B77700F82DDE /* LINEActivityIcon@2x~ipad.png in Resources */,
				8A8698311671B77700F82DDE /* LINEActivityIcon~ipad.png in Resources */,
				8A562F1D1681B8610082661D /* NakamapActivityIcon.png in Resources */,
				8A562F1E1681B8610082661D /* NakamapActivityIcon@2x.png in Resources */,
				8A562F1F1681B8610082661D /* NakamapActivityIcon@2x~ipad.png in Resources */,
				8A562F201681B8610082661D /* NakamapActivityIcon~ipad.png in Resources */,
				8A1CCD1D16AE3A03007DDB80 /* instapaper-ipad.png in Resources */,
				8A1CCD1E16AE3A03007DDB80 /* instapaper-ipad@2x.png in Resources */,
				8A1CCD1F16AE3A03007DDB80 /* instapaper.png in Resources */,
				8A1CCD2016AE3A03007DDB80 /* instapaper@2x.png in Resources */,
				8A1CCD2816AE3A03007DDB80 /* ZYAddItemsViewController.xib in Resources */,
				8A1CCD2916AE3A03007DDB80 /* ZYAddItemViewController-iPad.xib in Resources */,
				8A1CCD2B16AE3A03007DDB80 /* ZYAddItemViewController.xib in Resources */,
				8A1CCD2D16AE3A03007DDB80 /* ZYCredentialsViewController.xib in Resources */,
				8A68009E17946C1000ECE7A0 /* NHCalendarActivity.bundle in Resources */,
			);
			runOnlyForDeploymentPostprocessing = 0;
		};
/* End PBXResourcesBuildPhase section */

/* Begin PBXSourcesBuildPhase section */
		8ACF02401664AFEF00B114BB /* Sources */ = {
			isa = PBXSourcesBuildPhase;
			buildActionMask = 2147483647;
			files = (
				8ACF02551664AFEF00B114BB /* main.m in Sources */,
				8ACF02591664AFEF00B114BB /* AppDelegate.m in Sources */,
				8ACF02621664AFEF00B114BB /* ViewController.m in Sources */,
				8ACF036C1664B86100B114BB /* GSDropboxActivity.m in Sources */,
				8ACF03721664B86100B114BB /* GSDropboxDestinationSelectionViewController.m in Sources */,
				8ACF03731664B86100B114BB /* GSDropboxUploader.m in Sources */,
				8ACF03741664B86100B114BB /* GSDropboxUploadJob.m in Sources */,
				8ACF03DB1664BCB000B114BB /* DMActivityInstagram.m in Sources */,
				8AE5D7171884AF0100384B5D /* DMColorPickerView.m in Sources */,
				8ACF03DE1664BCB000B114BB /* DMResizerViewController.m in Sources */,
				8AB8C05B1664C4D0003A236C /* ARChromeActivity.m in Sources */,
				8A8698251671B5AC00F82DDE /* TUSafariActivity.m in Sources */,
				8A86982D1671B77700F82DDE /* LINEActivity.m in Sources */,
				8A562F211681B8610082661D /* SHNakamapActivity.m in Sources */,
				8A1CCD2116AE3A03007DDB80 /* ZYInstapaperAddRequest.m in Sources */,
				8A1CCD2216AE3A03007DDB80 /* ZYInstapaperActivitySecurity.m in Sources */,
				8A1CCD2316AE3A03007DDB80 /* KeychainItemWrapper.m in Sources */,
				8A1CCD2416AE3A03007DDB80 /* ZYActivity.m in Sources */,
				8A1CCD2516AE3A03007DDB80 /* ZYTopAlignedLabel.m in Sources */,
				8A1CCD2616AE3A03007DDB80 /* ZYActivityViewController.m in Sources */,
				8A1CCD2716AE3A03007DDB80 /* ZYAddItemsViewController.m in Sources */,
				8A1CCD2A16AE3A03007DDB80 /* ZYAddItemViewController.m in Sources */,
				8A1CCD2C16AE3A03007DDB80 /* ZYCredentialsViewController.m in Sources */,
				8A1CCD2E16AE3A03007DDB80 /* ZYInstapaperActivity.m in Sources */,
				8A1CCD2F16AE3A03007DDB80 /* ZYInstapaperActivityItem.m in Sources */,
				8A68009F17946C1000ECE7A0 /* NHCalendarActivity.m in Sources */,
				8A6800A017946C1000ECE7A0 /* NHCalendarEvent.m in Sources */,
			);
			runOnlyForDeploymentPostprocessing = 0;
		};
/* End PBXSourcesBuildPhase section */

/* Begin PBXVariantGroup section */
		8ACF02511664AFEF00B114BB /* InfoPlist.strings */ = {
			isa = PBXVariantGroup;
			children = (
				8ACF02521664AFEF00B114BB /* en */,
			);
			name = InfoPlist.strings;
			sourceTree = "<group>";
		};
		8ACF02631664AFEF00B114BB /* ViewController.xib */ = {
			isa = PBXVariantGroup;
			children = (
				8ACF02641664AFEF00B114BB /* en */,
			);
			name = ViewController.xib;
			sourceTree = "<group>";
		};
/* End PBXVariantGroup section */

/* Begin XCBuildConfiguration section */
		8ACF02661664AFEF00B114BB /* Debug */ = {
			isa = XCBuildConfiguration;
			buildSettings = {
				ALWAYS_SEARCH_USER_PATHS = NO;
				CLANG_CXX_LANGUAGE_STANDARD = "gnu++0x";
				CLANG_CXX_LIBRARY = "libc++";
				CLANG_ENABLE_OBJC_ARC = YES;
				CLANG_WARN_EMPTY_BODY = YES;
				CLANG_WARN__DUPLICATE_METHOD_MATCH = YES;
				"CODE_SIGN_IDENTITY[sdk=iphoneos*]" = "iPhone Developer";
				COPY_PHASE_STRIP = NO;
				GCC_C_LANGUAGE_STANDARD = gnu99;
				GCC_DYNAMIC_NO_PIC = NO;
				GCC_OPTIMIZATION_LEVEL = 0;
				GCC_PREPROCESSOR_DEFINITIONS = (
					"DEBUG=1",
					"$(inherited)",
				);
				GCC_SYMBOLS_PRIVATE_EXTERN = NO;
				GCC_WARN_ABOUT_RETURN_TYPE = YES;
				GCC_WARN_UNINITIALIZED_AUTOS = YES;
				GCC_WARN_UNUSED_VARIABLE = YES;
				IPHONEOS_DEPLOYMENT_TARGET = 6.0;
				ONLY_ACTIVE_ARCH = YES;
				SDKROOT = iphoneos;
			};
			name = Debug;
		};
		8ACF02671664AFEF00B114BB /* Release */ = {
			isa = XCBuildConfiguration;
			buildSettings = {
				ALWAYS_SEARCH_USER_PATHS = NO;
				CLANG_CXX_LANGUAGE_STANDARD = "gnu++0x";
				CLANG_CXX_LIBRARY = "libc++";
				CLANG_ENABLE_OBJC_ARC = YES;
				CLANG_WARN_EMPTY_BODY = YES;
				CLANG_WARN__DUPLICATE_METHOD_MATCH = YES;
				"CODE_SIGN_IDENTITY[sdk=iphoneos*]" = "iPhone Developer";
				COPY_PHASE_STRIP = YES;
				GCC_C_LANGUAGE_STANDARD = gnu99;
				GCC_WARN_ABOUT_RETURN_TYPE = YES;
				GCC_WARN_UNINITIALIZED_AUTOS = YES;
				GCC_WARN_UNUSED_VARIABLE = YES;
				IPHONEOS_DEPLOYMENT_TARGET = 6.0;
				OTHER_CFLAGS = "-DNS_BLOCK_ASSERTIONS=1";
				SDKROOT = iphoneos;
				VALIDATE_PRODUCT = YES;
			};
			name = Release;
		};
		8ACF02691664AFEF00B114BB /* Debug */ = {
			isa = XCBuildConfiguration;
			buildSettings = {
				FRAMEWORK_SEARCH_PATHS = (
					"$(inherited)",
					"\"$(SRCROOT)/../Dropbox/GSDropboxDemoApp\"",
				);
				GCC_PRECOMPILE_PREFIX_HEADER = YES;
				GCC_PREFIX_HEADER = "UIActivityCollectionDemo/UIActivityCollectionDemo-Prefix.pch";
				INFOPLIST_FILE = "UIActivityCollectionDemo/UIActivityCollectionDemo-Info.plist";
				PRODUCT_NAME = "$(TARGET_NAME)";
				WRAPPER_EXTENSION = app;
			};
			name = Debug;
		};
		8ACF026A1664AFEF00B114BB /* Release */ = {
			isa = XCBuildConfiguration;
			buildSettings = {
				FRAMEWORK_SEARCH_PATHS = (
					"$(inherited)",
					"\"$(SRCROOT)/../Dropbox/GSDropboxDemoApp\"",
				);
				GCC_PRECOMPILE_PREFIX_HEADER = YES;
				GCC_PREFIX_HEADER = "UIActivityCollectionDemo/UIActivityCollectionDemo-Prefix.pch";
				INFOPLIST_FILE = "UIActivityCollectionDemo/UIActivityCollectionDemo-Info.plist";
				PRODUCT_NAME = "$(TARGET_NAME)";
				WRAPPER_EXTENSION = app;
			};
			name = Release;
		};
/* End XCBuildConfiguration section */

/* Begin XCConfigurationList section */
		8ACF023E1664AFEF00B114BB /* Build configuration list for PBXProject "UIActivityCollectionDemo" */ = {
			isa = XCConfigurationList;
			buildConfigurations = (
				8ACF02661664AFEF00B114BB /* Debug */,
				8ACF02671664AFEF00B114BB /* Release */,
			);
			defaultConfigurationIsVisible = 0;
			defaultConfigurationName = Release;
		};
		8ACF02681664AFEF00B114BB /* Build configuration list for PBXNativeTarget "UIActivityCollectionDemo" */ = {
			isa = XCConfigurationList;
			buildConfigurations = (
				8ACF02691664AFEF00B114BB /* Debug */,
				8ACF026A1664AFEF00B114BB /* Release */,
			);
			defaultConfigurationIsVisible = 0;
			defaultConfigurationName = Release;
		};
/* End XCConfigurationList section */
	};
	rootObject = 8ACF023B1664AFEF00B114BB /* Project object */;
}
